
Microsoft Visual Studio Solution File, Format Version 12.00
# Visual Studio 16
Project("{F184B08F-C81C-45F6-A57F-5ABD9991F28F}") = "Tutorial4", "Tutorial4.vbproj", "{38592718-051E-41CA-90B7-6107FE8F6100}"
EndProject
Global
	GlobalSection(SolutionConfigurationPlatforms) = preSolution
		Debug|x64 = Debug|x64
		Release|x64 = Release|x64
	EndGlobalSection
	GlobalSection(ProjectConfigurationPlatforms) = postSolution
		{38592718-051E-41CA-90B7-6107FE8F6100}.Debug|x64.ActiveCfg = Debug|x64
		{38592718-051E-41CA-90B7-6107FE8F6100}.Debug|x64.Build.0 = Debug|x64
		{38592718-051E-41CA-90B7-6107FE8F6100}.Release|x64.ActiveCfg = Release|x64
		{38592718-051E-41CA-90B7-6107FE8F6100}.Release|x64.Build.0 = Release|x64
	EndGlobalSection
	GlobalSection(SolutionProperties) = preSolution
		HideSolutionNode = FALSE
	EndGlobalSection
EndGlobal
