
Microsoft Visual Studio Solution File, Format Version 12.00
# Visual Studio 14
Project("{F184B08F-C81C-45F6-A57F-5ABD9991F28F}") = "Tutorial1", "Tutorial1\Tutorial1.vbproj", "{8D9F5F44-F692-4627-BDAB-1F712734D150}"
EndProject
Project("{F184B08F-C81C-45F6-A57F-5ABD9991F28F}") = "Tutorial2", "Tutorial2\Tutorial2.vbproj", "{CF4D614B-6C2A-4452-9B68-279766AC9B88}"
EndProject
Project("{F184B08F-C81C-45F6-A57F-5ABD9991F28F}") = "Tutorial3", "Tutorial3\Tutorial3.vbproj", "{A76CEF2E-66D8-450A-8F15-7B031EB8303A}"
EndProject
Project("{F184B08F-C81C-45F6-A57F-5ABD9991F28F}") = "Tutorial4", "Tutorial4\Tutorial4.vbproj", "{38592718-051E-41CA-90B7-6107FE8F6100}"
EndProject
Global
	GlobalSection(SolutionConfigurationPlatforms) = preSolution
		Debug|x64 = Debug|x64
		Release|x64 = Release|x64
	EndGlobalSection
	GlobalSection(ProjectConfigurationPlatforms) = postSolution
		{8D9F5F44-F692-4627-BDAB-1F712734D150}.Debug|x64.ActiveCfg = Debug|x64
		{8D9F5F44-F692-4627-BDAB-1F712734D150}.Debug|x64.Build.0 = Debug|x64
		{8D9F5F44-F692-4627-BDAB-1F712734D150}.Release|x64.ActiveCfg = Release|x64
		{8D9F5F44-F692-4627-BDAB-1F712734D150}.Release|x64.Build.0 = Release|x64
		{CF4D614B-6C2A-4452-9B68-279766AC9B88}.Debug|x64.ActiveCfg = Debug|x64
		{CF4D614B-6C2A-4452-9B68-279766AC9B88}.Debug|x64.Build.0 = Debug|x64
		{CF4D614B-6C2A-4452-9B68-279766AC9B88}.Release|x64.ActiveCfg = Release|x64
		{CF4D614B-6C2A-4452-9B68-279766AC9B88}.Release|x64.Build.0 = Release|x64
		{A76CEF2E-66D8-450A-8F15-7B031EB8303A}.Debug|x64.ActiveCfg = Debug|x64
		{A76CEF2E-66D8-450A-8F15-7B031EB8303A}.Debug|x64.Build.0 = Debug|x64
		{A76CEF2E-66D8-450A-8F15-7B031EB8303A}.Release|x64.ActiveCfg = Release|x64
		{A76CEF2E-66D8-450A-8F15-7B031EB8303A}.Release|x64.Build.0 = Release|x64
		{38592718-051E-41CA-90B7-6107FE8F6100}.Debug|x64.ActiveCfg = Debug|x64
		{38592718-051E-41CA-90B7-6107FE8F6100}.Debug|x64.Build.0 = Debug|x64
		{38592718-051E-41CA-90B7-6107FE8F6100}.Release|x64.ActiveCfg = Release|x64
		{38592718-051E-41CA-90B7-6107FE8F6100}.Release|x64.Build.0 = Release|x64
	EndGlobalSection
	GlobalSection(SolutionProperties) = preSolution
		HideSolutionNode = FALSE
	EndGlobalSection
EndGlobal
